
Microsoft Visual Studio Solution File, Format Version 12.00
# Visual Studio 15
VisualStudioVersion = 15.0.26430.14
MinimumVisualStudioVersion = 10.0.40219.1
Project("{FAE04EC0-301F-11D3-BF4B-00C04F79EFBC}") = "HouseCannith.Data", "HouseCannith.Data\HouseCannith.Data.csproj", "{D088D8F0-C4A7-405A-A3FF-2EA50A9C2C9C}"
EndProject
Project("{9A19103F-16F7-4668-BE54-9A1E7A4F7556}") = "HouseCannith.Frontend", "HouseCannith.Frontend\HouseCannith.Frontend.csproj", "{C02EE3F9-6B08-49BD-88FB-1C66704AEE1A}"
EndProject
Global
	GlobalSection(SolutionConfigurationPlatforms) = preSolution
		Debug|Any CPU = Debug|Any CPU
		Release|Any CPU = Release|Any CPU
	EndGlobalSection
	GlobalSection(ProjectConfigurationPlatforms) = postSolution
		{D088D8F0-C4A7-405A-A3FF-2EA50A9C2C9C}.Debug|Any CPU.ActiveCfg = Debug|Any CPU
		{D088D8F0-C4A7-405A-A3FF-2EA50A9C2C9C}.Debug|Any CPU.Build.0 = Debug|Any CPU
		{D088D8F0-C4A7-405A-A3FF-2EA50A9C2C9C}.Release|Any CPU.ActiveCfg = Release|Any CPU
		{D088D8F0-C4A7-405A-A3FF-2EA50A9C2C9C}.Release|Any CPU.Build.0 = Release|Any CPU
		{C02EE3F9-6B08-49BD-88FB-1C66704AEE1A}.Debug|Any CPU.ActiveCfg = Debug|Any CPU
		{C02EE3F9-6B08-49BD-88FB-1C66704AEE1A}.Debug|Any CPU.Build.0 = Debug|Any CPU
		{C02EE3F9-6B08-49BD-88FB-1C66704AEE1A}.Release|Any CPU.ActiveCfg = Release|Any CPU
		{C02EE3F9-6B08-49BD-88FB-1C66704AEE1A}.Release|Any CPU.Build.0 = Release|Any CPU
	EndGlobalSection
	GlobalSection(SolutionProperties) = preSolution
		HideSolutionNode = FALSE
	EndGlobalSection
EndGlobal
